
Microsoft Visual Studio Solution File, Format Version 12.00
# Visual Studio Version 17
VisualStudioVersion = 17.6.33723.286
MinimumVisualStudioVersion = 10.0.40219.1
Project("{FAE04EC0-301F-11D3-BF4B-00C04F79EFBC}") = "ConsoleApp4", "ConsoleApp4\ConsoleApp4.csproj", "{99081403-055A-44AD-95B5-A29376E4E659}"
EndProject
Global
	GlobalSection(SolutionConfigurationPlatforms) = preSolution
		Debug|Any CPU = Debug|Any CPU
		Release|Any CPU = Release|Any CPU
	EndGlobalSection
	GlobalSection(ProjectConfigurationPlatforms) = postSolution
		{99081403-055A-44AD-95B5-A29376E4E659}.Debug|Any CPU.ActiveCfg = Debug|Any CPU
		{99081403-055A-44AD-95B5-A29376E4E659}.Debug|Any CPU.Build.0 = Debug|Any CPU
		{99081403-055A-44AD-95B5-A29376E4E659}.Release|Any CPU.ActiveCfg = Release|Any CPU
		{99081403-055A-44AD-95B5-A29376E4E659}.Release|Any CPU.Build.0 = Release|Any CPU
	EndGlobalSection
	GlobalSection(SolutionProperties) = preSolution
		HideSolutionNode = FALSE
	EndGlobalSection
	GlobalSection(ExtensibilityGlobals) = postSolution
		SolutionGuid = {E9F2C94B-D188-4F46-B558-8C9A653B43D1}
	EndGlobalSection
EndGlobal
